
Microsoft Visual Studio Solution File, Format Version 12.00
# Visual Studio Version 17
VisualStudioVersion = 17.9.34701.34
MinimumVisualStudioVersion = 10.0.40219.1
Project("{8BC9CEB8-8B4A-11D0-8D11-00A0C91BC942}") = "Chuong2_Bai1", "Project1\Project1.vcxproj", "{0A180591-3C35-49D6-9FC1-BF95963B2CAB}"
EndProject
Project("{8BC9CEB8-8B4A-11D0-8D11-00A0C91BC942}") = "Chuong2_Bai2", "Chuong2_Bai2\Chuong2_Bai2.vcxproj", "{C1E1BE03-BF29-4A2E-A7D2-848D20D4F7D3}"
EndProject
Project("{8BC9CEB8-8B4A-11D0-8D11-00A0C91BC942}") = "Chuong3_PhanSo", "Chuong3_PhanSo\Chuong3_PhanSo.vcxproj", "{396E1F77-4C23-4795-BDCC-08BB655F1287}"
EndProject
Project("{8BC9CEB8-8B4A-11D0-8D11-00A0C91BC942}") = "Chuong3_TaoDuAn", "Chuong3_TaoDuAn\Chuong3_TaoDuAn.vcxproj", "{190D34C0-8778-4BD9-9110-6FAFF76838C8}"
EndProject
Project("{8BC9CEB8-8B4A-11D0-8D11-00A0C91BC942}") = "Chuong3_QuanLySinhVien", "Chuong3_QuanLySinhVien\Chuong3_QuanLySinhVien.vcxproj", "{53A0DCD3-F60D-4087-B183-C16898112BDA}"
EndProject
Project("{8BC9CEB8-8B4A-11D0-8D11-00A0C91BC942}") = "Chuong4_Fraciton", "Chuong4_Fraciton\Chuong4_Fraciton.vcxproj", "{861841AB-FC42-47EA-A993-585B13BA827E}"
EndProject
Project("{8BC9CEB8-8B4A-11D0-8D11-00A0C91BC942}") = "Menu", "Menu\Menu.vcxproj", "{1F709DDB-EBD3-4913-959F-F4EEAD4AE6C8}"
EndProject
Project("{8BC9CEB8-8B4A-11D0-8D11-00A0C91BC942}") = "SoSanh", "SoSanh\SoSanh.vcxproj", "{0559E604-9149-4D41-9B5D-304DBD0969E7}"
EndProject
Project("{8BC9CEB8-8B4A-11D0-8D11-00A0C91BC942}") = "ChuyenXe", "ChuyenXe\ChuyenXe.vcxproj", "{DDB009A1-E2D6-462F-B033-490456FF4F03}"
EndProject
Project("{8BC9CEB8-8B4A-11D0-8D11-00A0C91BC942}") = "QuanLiSach", "Debug\Debug.vcxproj", "{8C3029BC-1C1C-432D-85F0-16EA35740104}"
EndProject
Project("{8BC9CEB8-8B4A-11D0-8D11-00A0C91BC942}") = "TH_TIENLUONG", "TH_TIENLUONG\TH_TIENLUONG.vcxproj", "{D9DDA878-9B4D-4BEF-A260-4632EC586CA8}"
EndProject
Global
	GlobalSection(SolutionConfigurationPlatforms) = preSolution
		Debug|x64 = Debug|x64
		Debug|x86 = Debug|x86
		Release|x64 = Release|x64
		Release|x86 = Release|x86
	EndGlobalSection
	GlobalSection(ProjectConfigurationPlatforms) = postSolution
		{0A180591-3C35-49D6-9FC1-BF95963B2CAB}.Debug|x64.ActiveCfg = Debug|x64
		{0A180591-3C35-49D6-9FC1-BF95963B2CAB}.Debug|x64.Build.0 = Debug|x64
		{0A180591-3C35-49D6-9FC1-BF95963B2CAB}.Debug|x86.ActiveCfg = Debug|Win32
		{0A180591-3C35-49D6-9FC1-BF95963B2CAB}.Debug|x86.Build.0 = Debug|Win32
		{0A180591-3C35-49D6-9FC1-BF95963B2CAB}.Release|x64.ActiveCfg = Release|x64
		{0A180591-3C35-49D6-9FC1-BF95963B2CAB}.Release|x64.Build.0 = Release|x64
		{0A180591-3C35-49D6-9FC1-BF95963B2CAB}.Release|x86.ActiveCfg = Release|Win32
		{0A180591-3C35-49D6-9FC1-BF95963B2CAB}.Release|x86.Build.0 = Release|Win32
		{C1E1BE03-BF29-4A2E-A7D2-848D20D4F7D3}.Debug|x64.ActiveCfg = Debug|x64
		{C1E1BE03-BF29-4A2E-A7D2-848D20D4F7D3}.Debug|x64.Build.0 = Debug|x64
		{C1E1BE03-BF29-4A2E-A7D2-848D20D4F7D3}.Debug|x86.ActiveCfg = Debug|Win32
		{C1E1BE03-BF29-4A2E-A7D2-848D20D4F7D3}.Debug|x86.Build.0 = Debug|Win32
		{C1E1BE03-BF29-4A2E-A7D2-848D20D4F7D3}.Release|x64.ActiveCfg = Release|x64
		{C1E1BE03-BF29-4A2E-A7D2-848D20D4F7D3}.Release|x64.Build.0 = Release|x64
		{C1E1BE03-BF29-4A2E-A7D2-848D20D4F7D3}.Release|x86.ActiveCfg = Release|Win32
		{C1E1BE03-BF29-4A2E-A7D2-848D20D4F7D3}.Release|x86.Build.0 = Release|Win32
		{396E1F77-4C23-4795-BDCC-08BB655F1287}.Debug|x64.ActiveCfg = Debug|x64
		{396E1F77-4C23-4795-BDCC-08BB655F1287}.Debug|x64.Build.0 = Debug|x64
		{396E1F77-4C23-4795-BDCC-08BB655F1287}.Debug|x86.ActiveCfg = Debug|Win32
		{396E1F77-4C23-4795-BDCC-08BB655F1287}.Debug|x86.Build.0 = Debug|Win32
		{396E1F77-4C23-4795-BDCC-08BB655F1287}.Release|x64.ActiveCfg = Release|x64
		{396E1F77-4C23-4795-BDCC-08BB655F1287}.Release|x64.Build.0 = Release|x64
		{396E1F77-4C23-4795-BDCC-08BB655F1287}.Release|x86.ActiveCfg = Release|Win32
		{396E1F77-4C23-4795-BDCC-08BB655F1287}.Release|x86.Build.0 = Release|Win32
		{190D34C0-8778-4BD9-9110-6FAFF76838C8}.Debug|x64.ActiveCfg = Debug|x64
		{190D34C0-8778-4BD9-9110-6FAFF76838C8}.Debug|x64.Build.0 = Debug|x64
		{190D34C0-8778-4BD9-9110-6FAFF76838C8}.Debug|x86.ActiveCfg = Debug|Win32
		{190D34C0-8778-4BD9-9110-6FAFF76838C8}.Debug|x86.Build.0 = Debug|Win32
		{190D34C0-8778-4BD9-9110-6FAFF76838C8}.Release|x64.ActiveCfg = Release|x64
		{190D34C0-8778-4BD9-9110-6FAFF76838C8}.Release|x64.Build.0 = Release|x64
		{190D34C0-8778-4BD9-9110-6FAFF76838C8}.Release|x86.ActiveCfg = Release|Win32
		{190D34C0-8778-4BD9-9110-6FAFF76838C8}.Release|x86.Build.0 = Release|Win32
		{53A0DCD3-F60D-4087-B183-C16898112BDA}.Debug|x64.ActiveCfg = Debug|x64
		{53A0DCD3-F60D-4087-B183-C16898112BDA}.Debug|x64.Build.0 = Debug|x64
		{53A0DCD3-F60D-4087-B183-C16898112BDA}.Debug|x86.ActiveCfg = Debug|Win32
		{53A0DCD3-F60D-4087-B183-C16898112BDA}.Debug|x86.Build.0 = Debug|Win32
		{53A0DCD3-F60D-4087-B183-C16898112BDA}.Release|x64.ActiveCfg = Release|x64
		{53A0DCD3-F60D-4087-B183-C16898112BDA}.Release|x64.Build.0 = Release|x64
		{53A0DCD3-F60D-4087-B183-C16898112BDA}.Release|x86.ActiveCfg = Release|Win32
		{53A0DCD3-F60D-4087-B183-C16898112BDA}.Release|x86.Build.0 = Release|Win32
		{861841AB-FC42-47EA-A993-585B13BA827E}.Debug|x64.ActiveCfg = Debug|x64
		{861841AB-FC42-47EA-A993-585B13BA827E}.Debug|x64.Build.0 = Debug|x64
		{861841AB-FC42-47EA-A993-585B13BA827E}.Debug|x86.ActiveCfg = Debug|Win32
		{861841AB-FC42-47EA-A993-585B13BA827E}.Debug|x86.Build.0 = Debug|Win32
		{861841AB-FC42-47EA-A993-585B13BA827E}.Release|x64.ActiveCfg = Release|x64
		{861841AB-FC42-47EA-A993-585B13BA827E}.Release|x64.Build.0 = Release|x64
		{861841AB-FC42-47EA-A993-585B13BA827E}.Release|x86.ActiveCfg = Release|Win32
		{861841AB-FC42-47EA-A993-585B13BA827E}.Release|x86.Build.0 = Release|Win32
		{1F709DDB-EBD3-4913-959F-F4EEAD4AE6C8}.Debug|x64.ActiveCfg = Debug|x64
		{1F709DDB-EBD3-4913-959F-F4EEAD4AE6C8}.Debug|x64.Build.0 = Debug|x64
		{1F709DDB-EBD3-4913-959F-F4EEAD4AE6C8}.Debug|x86.ActiveCfg = Debug|Win32
		{1F709DDB-EBD3-4913-959F-F4EEAD4AE6C8}.Debug|x86.Build.0 = Debug|Win32
		{1F709DDB-EBD3-4913-959F-F4EEAD4AE6C8}.Release|x64.ActiveCfg = Release|x64
		{1F709DDB-EBD3-4913-959F-F4EEAD4AE6C8}.Release|x64.Build.0 = Release|x64
		{1F709DDB-EBD3-4913-959F-F4EEAD4AE6C8}.Release|x86.ActiveCfg = Release|Win32
		{1F709DDB-EBD3-4913-959F-F4EEAD4AE6C8}.Release|x86.Build.0 = Release|Win32
		{0559E604-9149-4D41-9B5D-304DBD0969E7}.Debug|x64.ActiveCfg = Debug|x64
		{0559E604-9149-4D41-9B5D-304DBD0969E7}.Debug|x64.Build.0 = Debug|x64
		{0559E604-9149-4D41-9B5D-304DBD0969E7}.Debug|x86.ActiveCfg = Debug|Win32
		{0559E604-9149-4D41-9B5D-304DBD0969E7}.Debug|x86.Build.0 = Debug|Win32
		{0559E604-9149-4D41-9B5D-304DBD0969E7}.Release|x64.ActiveCfg = Release|x64
		{0559E604-9149-4D41-9B5D-304DBD0969E7}.Release|x64.Build.0 = Release|x64
		{0559E604-9149-4D41-9B5D-304DBD0969E7}.Release|x86.ActiveCfg = Release|Win32
		{0559E604-9149-4D41-9B5D-304DBD0969E7}.Release|x86.Build.0 = Release|Win32
		{DDB009A1-E2D6-462F-B033-490456FF4F03}.Debug|x64.ActiveCfg = Debug|x64
		{DDB009A1-E2D6-462F-B033-490456FF4F03}.Debug|x64.Build.0 = Debug|x64
		{DDB009A1-E2D6-462F-B033-490456FF4F03}.Debug|x86.ActiveCfg = Debug|Win32
		{DDB009A1-E2D6-462F-B033-490456FF4F03}.Debug|x86.Build.0 = Debug|Win32
		{DDB009A1-E2D6-462F-B033-490456FF4F03}.Release|x64.ActiveCfg = Release|x64
		{DDB009A1-E2D6-462F-B033-490456FF4F03}.Release|x64.Build.0 = Release|x64
		{DDB009A1-E2D6-462F-B033-490456FF4F03}.Release|x86.ActiveCfg = Release|Win32
		{DDB009A1-E2D6-462F-B033-490456FF4F03}.Release|x86.Build.0 = Release|Win32
		{8C3029BC-1C1C-432D-85F0-16EA35740104}.Debug|x64.ActiveCfg = Debug|x64
		{8C3029BC-1C1C-432D-85F0-16EA35740104}.Debug|x64.Build.0 = Debug|x64
		{8C3029BC-1C1C-432D-85F0-16EA35740104}.Debug|x86.ActiveCfg = Debug|Win32
		{8C3029BC-1C1C-432D-85F0-16EA35740104}.Debug|x86.Build.0 = Debug|Win32
		{8C3029BC-1C1C-432D-85F0-16EA35740104}.Release|x64.ActiveCfg = Release|x64
		{8C3029BC-1C1C-432D-85F0-16EA35740104}.Release|x64.Build.0 = Release|x64
		{8C3029BC-1C1C-432D-85F0-16EA35740104}.Release|x86.ActiveCfg = Release|Win32
		{8C3029BC-1C1C-432D-85F0-16EA35740104}.Release|x86.Build.0 = Release|Win32
		{D9DDA878-9B4D-4BEF-A260-4632EC586CA8}.Debug|x64.ActiveCfg = Debug|x64
		{D9DDA878-9B4D-4BEF-A260-4632EC586CA8}.Debug|x64.Build.0 = Debug|x64
		{D9DDA878-9B4D-4BEF-A260-4632EC586CA8}.Debug|x86.ActiveCfg = Debug|Win32
		{D9DDA878-9B4D-4BEF-A260-4632EC586CA8}.Debug|x86.Build.0 = Debug|Win32
		{D9DDA878-9B4D-4BEF-A260-4632EC586CA8}.Release|x64.ActiveCfg = Release|x64
		{D9DDA878-9B4D-4BEF-A260-4632EC586CA8}.Release|x64.Build.0 = Release|x64
		{D9DDA878-9B4D-4BEF-A260-4632EC586CA8}.Release|x86.ActiveCfg = Release|Win32
		{D9DDA878-9B4D-4BEF-A260-4632EC586CA8}.Release|x86.Build.0 = Release|Win32
	EndGlobalSection
	GlobalSection(SolutionProperties) = preSolution
		HideSolutionNode = FALSE
	EndGlobalSection
	GlobalSection(ExtensibilityGlobals) = postSolution
		SolutionGuid = {182A30DF-3764-46F3-87DB-322BA1EFEC9F}
	EndGlobalSection
EndGlobal
